// !$*UTF8*$!
{
	archiveVersion = 1;
	classes = {
	};
	objectVersion = 46;
	objects = {

/* Begin PBXBuildFile section */
		D5D2ADD31A333457006C5C96 /* SXSystem.cpp in Sources */ = {isa = PBXBuildFile; fileRef = D5D2ADD11A333457006C5C96 /* SXSystem.cpp */; };
		D5D2ADD41A333457006C5C96 /* SXSystem.h in Headers */ = {isa = PBXBuildFile; fileRef = D5D2ADD21A333457006C5C96 /* SXSystem.h */; };
		D5D2ADD71A333CA8006C5C96 /* SXController.cpp in Sources */ = {isa = PBXBuildFile; fileRef = D5D2ADD51A333CA8006C5C96 /* SXController.cpp */; };
		D5D2ADD81A333CA8006C5C96 /* SXController.h in Headers */ = {isa = PBXBuildFile; fileRef = D5D2ADD61A333CA8006C5C96 /* SXController.h */; };
/* End PBXBuildFile section */

/* Begin PBXFileReference section */
		D5D2ADC91A333361006C5C96 /* librayne-sixense.a */ = {isa = PBXFileReference; explicitFileType = archive.ar; includeInIndex = 0; path = "librayne-sixense.a"; sourceTree = BUILT_PRODUCTS_DIR; };
		D5D2ADD11A333457006C5C96 /* SXSystem.cpp */ = {isa = PBXFileReference; fileEncoding = 4; lastKnownFileType = sourcecode.cpp.cpp; path = SXSystem.cpp; sourceTree = "<group>"; };
		D5D2ADD21A333457006C5C96 /* SXSystem.h */ = {isa = PBXFileReference; fileEncoding = 4; lastKnownFileType = sourcecode.c.h; path = SXSystem.h; sourceTree = "<group>"; };
		D5D2ADD51A333CA8006C5C96 /* SXController.cpp */ = {isa = PBXFileReference; fileEncoding = 4; lastKnownFileType = sourcecode.cpp.cpp; path = SXController.cpp; sourceTree = "<group>"; };
		D5D2ADD61A333CA8006C5C96 /* SXController.h */ = {isa = PBXFileReference; fileEncoding = 4; lastKnownFileType = sourcecode.c.h; path = SXController.h; sourceTree = "<group>"; };
/* End PBXFileReference section */

/* Begin PBXFrameworksBuildPhase section */
		D5D2ADC61A333361006C5C96 /* Frameworks */ = {
			isa = PBXFrameworksBuildPhase;
			buildActionMask = 2147483647;
			files = (
			);
			runOnlyForDeploymentPostprocessing = 0;
		};
/* End PBXFrameworksBuildPhase section */

/* Begin PBXGroup section */
		D5D2ADC01A333361006C5C96 = {
			isa = PBXGroup;
			children = (
				D5D2ADD01A3333B4006C5C96 /* Classes */,
				D5D2ADCA1A333361006C5C96 /* Products */,
			);
			sourceTree = "<group>";
		};
		D5D2ADCA1A333361006C5C96 /* Products */ = {
			isa = PBXGroup;
			children = (
				D5D2ADC91A333361006C5C96 /* librayne-sixense.a */,
			);
			name = Products;
			sourceTree = "<group>";
		};
		D5D2ADD01A3333B4006C5C96 /* Classes */ = {
			isa = PBXGroup;
			children = (
				D5D2ADD51A333CA8006C5C96 /* SXController.cpp */,
				D5D2ADD61A333CA8006C5C96 /* SXController.h */,
				D5D2ADD11A333457006C5C96 /* SXSystem.cpp */,
				D5D2ADD21A333457006C5C96 /* SXSystem.h */,
			);
			path = Classes;
			sourceTree = "<group>";
		};
/* End PBXGroup section */

/* Begin PBXHeadersBuildPhase section */
		D5D2ADC71A333361006C5C96 /* Headers */ = {
			isa = PBXHeadersBuildPhase;
			buildActionMask = 2147483647;
			files = (
				D5D2ADD41A333457006C5C96 /* SXSystem.h in Headers */,
				D5D2ADD81A333CA8006C5C96 /* SXController.h in Headers */,
			);
			runOnlyForDeploymentPostprocessing = 0;
		};
/* End PBXHeadersBuildPhase section */

/* Begin PBXNativeTarget section */
		D5D2ADC81A333361006C5C96 /* rayne-sixense */ = {
			isa = PBXNativeTarget;
			buildConfigurationList = D5D2ADCD1A333361006C5C96 /* Build configuration list for PBXNativeTarget "rayne-sixense" */;
			buildPhases = (
				D5D2ADC51A333361006C5C96 /* Sources */,
				D5D2ADC61A333361006C5C96 /* Frameworks */,
				D5D2ADC71A333361006C5C96 /* Headers */,
			);
			buildRules = (
			);
			dependencies = (
			);
			name = "rayne-sixense";
			productName = "rayne-sixense";
			productReference = D5D2ADC91A333361006C5C96 /* librayne-sixense.a */;
			productType = "com.apple.product-type.library.static";
		};
/* End PBXNativeTarget section */

/* Begin PBXProject section */
		D5D2ADC11A333361006C5C96 /* Project object */ = {
			isa = PBXProject;
			attributes = {
				LastUpgradeCheck = 0610;
				ORGANIZATIONNAME = Uberpixel;
				TargetAttributes = {
					D5D2ADC81A333361006C5C96 = {
						CreatedOnToolsVersion = 6.1.1;
					};
				};
			};
			buildConfigurationList = D5D2ADC41A333361006C5C96 /* Build configuration list for PBXProject "rayne-sixense" */;
			compatibilityVersion = "Xcode 3.2";
			developmentRegion = English;
			hasScannedForEncodings = 0;
			knownRegions = (
				en,
			);
			mainGroup = D5D2ADC01A333361006C5C96;
			productRefGroup = D5D2ADCA1A333361006C5C96 /* Products */;
			projectDirPath = "";
			projectRoot = "";
			targets = (
				D5D2ADC81A333361006C5C96 /* rayne-sixense */,
			);
		};
/* End PBXProject section */

/* Begin PBXSourcesBuildPhase section */
		D5D2ADC51A333361006C5C96 /* Sources */ = {
			isa = PBXSourcesBuildPhase;
			buildActionMask = 2147483647;
			files = (
				D5D2ADD71A333CA8006C5C96 /* SXController.cpp in Sources */,
				D5D2ADD31A333457006C5C96 /* SXSystem.cpp in Sources */,
			);
			runOnlyForDeploymentPostprocessing = 0;
		};
/* End PBXSourcesBuildPhase section */

/* Begin XCBuildConfiguration section */
		D5D2ADCB1A333361006C5C96 /* Debug */ = {
			isa = XCBuildConfiguration;
			buildSettings = {
				ALWAYS_SEARCH_USER_PATHS = NO;
				CLANG_CXX_LANGUAGE_STANDARD = "gnu++0x";
				CLANG_CXX_LIBRARY = "libc++";
				CLANG_ENABLE_MODULES = YES;
				CLANG_ENABLE_OBJC_ARC = YES;
				CLANG_WARN_BOOL_CONVERSION = YES;
				CLANG_WARN_CONSTANT_CONVERSION = YES;
				CLANG_WARN_DIRECT_OBJC_ISA_USAGE = YES_ERROR;
				CLANG_WARN_EMPTY_BODY = YES;
				CLANG_WARN_ENUM_CONVERSION = YES;
				CLANG_WARN_INT_CONVERSION = YES;
				CLANG_WARN_OBJC_ROOT_CLASS = YES_ERROR;
				CLANG_WARN_UNREACHABLE_CODE = YES;
				CLANG_WARN__DUPLICATE_METHOD_MATCH = YES;
				COPY_PHASE_STRIP = NO;
				ENABLE_STRICT_OBJC_MSGSEND = YES;
				GCC_C_LANGUAGE_STANDARD = gnu99;
				GCC_DYNAMIC_NO_PIC = NO;
				GCC_OPTIMIZATION_LEVEL = 0;
				GCC_PREPROCESSOR_DEFINITIONS = (
					"DEBUG=1",
					"$(inherited)",
				);
				GCC_SYMBOLS_PRIVATE_EXTERN = NO;
				GCC_WARN_64_TO_32_BIT_CONVERSION = YES;
				GCC_WARN_ABOUT_RETURN_TYPE = YES_ERROR;
				GCC_WARN_UNDECLARED_SELECTOR = YES;
				GCC_WARN_UNINITIALIZED_AUTOS = YES_AGGRESSIVE;
				GCC_WARN_UNUSED_FUNCTION = YES;
				GCC_WARN_UNUSED_VARIABLE = YES;
				MTL_ENABLE_DEBUG_INFO = YES;
				ONLY_ACTIVE_ARCH = YES;
			};
			name = Debug;
		};
		D5D2ADCC1A333361006C5C96 /* Release */ = {
			isa = XCBuildConfiguration;
			buildSettings = {
				ALWAYS_SEARCH_USER_PATHS = NO;
				CLANG_CXX_LANGUAGE_STANDARD = "gnu++0x";
				CLANG_CXX_LIBRARY = "libc++";
				CLANG_ENABLE_MODULES = YES;
				CLANG_ENABLE_OBJC_ARC = YES;
				CLANG_WARN_BOOL_CONVERSION = YES;
				CLANG_WARN_CONSTANT_CONVERSION = YES;
				CLANG_WARN_DIRECT_OBJC_ISA_USAGE = YES_ERROR;
				CLANG_WARN_EMPTY_BODY = YES;
				CLANG_WARN_ENUM_CONVERSION = YES;
				CLANG_WARN_INT_CONVERSION = YES;
				CLANG_WARN_OBJC_ROOT_CLASS = YES_ERROR;
				CLANG_WARN_UNREACHABLE_CODE = YES;
				CLANG_WARN__DUPLICATE_METHOD_MATCH = YES;
				COPY_PHASE_STRIP = YES;
				ENABLE_NS_ASSERTIONS = NO;
				ENABLE_STRICT_OBJC_MSGSEND = YES;
				GCC_C_LANGUAGE_STANDARD = gnu99;
				GCC_WARN_64_TO_32_BIT_CONVERSION = YES;
				GCC_WARN_ABOUT_RETURN_TYPE = YES_ERROR;
				GCC_WARN_UNDECLARED_SELECTOR = YES;
				GCC_WARN_UNINITIALIZED_AUTOS = YES_AGGRESSIVE;
				GCC_WARN_UNUSED_FUNCTION = YES;
				GCC_WARN_UNUSED_VARIABLE = YES;
				MTL_ENABLE_DEBUG_INFO = NO;
			};
			name = Release;
		};
		D5D2ADCE1A333361006C5C96 /* Debug */ = {
			isa = XCBuildConfiguration;
			buildSettings = {
				EXECUTABLE_PREFIX = lib;
				GCC_PREPROCESSOR_DEFINITIONS = (
					"$(inherited)",
					"RN_BUILD_MODULE=1",
				);
				HEADER_SEARCH_PATHS = (
					"$(inherited)",
					/usr/local/include/rayne/,
					"\"$(SRCROOT)/Vendor/include\"",
				);
				PRODUCT_NAME = "$(TARGET_NAME)";
			};
			name = Debug;
		};
		D5D2ADCF1A333361006C5C96 /* Release */ = {
			isa = XCBuildConfiguration;
			buildSettings = {
				EXECUTABLE_PREFIX = lib;
				GCC_PREPROCESSOR_DEFINITIONS = (
					"$(inherited)",
					"NDEBUG=1",
					"RN_BUILD_MODULE=1",
				);
				HEADER_SEARCH_PATHS = (
					"$(inherited)",
					/usr/local/include/rayne/,
					"\"$(SRCROOT)/Vendor/include\"",
				);
				PRODUCT_NAME = "$(TARGET_NAME)";
			};
			name = Release;
		};
/* End XCBuildConfiguration section */

/* Begin XCConfigurationList section */
		D5D2ADC41A333361006C5C96 /* Build configuration list for PBXProject "rayne-sixense" */ = {
			isa = XCConfigurationList;
			buildConfigurations = (
				D5D2ADCB1A333361006C5C96 /* Debug */,
				D5D2ADCC1A333361006C5C96 /* Release */,
			);
			defaultConfigurationIsVisible = 0;
			defaultConfigurationName = Release;
		};
		D5D2ADCD1A333361006C5C96 /* Build configuration list for PBXNativeTarget "rayne-sixense" */ = {
			isa = XCConfigurationList;
			buildConfigurations = (
				D5D2ADCE1A333361006C5C96 /* Debug */,
				D5D2ADCF1A333361006C5C96 /* Release */,
			);
			defaultConfigurationIsVisible = 0;
		};
/* End XCConfigurationList section */
	};
	rootObject = D5D2ADC11A333361006C5C96 /* Project object */;
}
